<?xml version="1.0" encoding="UTF-8" standalone="yes" ?>
<CodeBlocks_project_file>
	<FileVersion major="1" minor="6" />
	<Project>
		<Option title="Vocalizer" />
		<Option makefile_is_custom="1" />
		<Option pch_mode="2" />
		<Option compiler="gcc" />
		<Option virtualFolders="addons/;src/;build config/;addons/ofxFFT/src/;addons/ofxGui/src/;addons/ofxFFT/libs/;shaders/;shaders/GL2/;shaders/GL3/;" />
		<Build>
			<Target title="Debug">
				<Option output="bin/$(PROJECT_NAME)_debug" prefix_auto="1" extension_auto="1" />
				<Option working_dir="bin" />
				<Option object_output="obj/Debug/" />
				<Option external_deps="../../../libs/openFrameworksCompiled/lib/linux64/libopenFrameworksDebug.a;" />
				<Option type="1" />
				<Option compiler="gcc" />
				<Option projectLinkerOptionsRelation="2" />
			</Target>
			<Target title="Release">
				<Option output="bin/$(PROJECT_NAME)" prefix_auto="1" extension_auto="1" />
				<Option working_dir="bin" />
				<Option object_output="obj/Release/" />
				<Option external_deps="../../../libs/openFrameworksCompiled/lib/linux64/libopenFrameworks.a;" />
				<Option type="1" />
				<Option compiler="gcc" />
				<Option projectLinkerOptionsRelation="2" />
			</Target>
		</Build>
		<Unit filename="../../../addons/ofxFFT/libs/fft.cpp">
			<Option virtualFolder="addons/ofxFFT/libs" />
		</Unit>
		<Unit filename="../../../addons/ofxFFT/libs/fft.h">
			<Option virtualFolder="addons/ofxFFT/libs" />
		</Unit>
		<Unit filename="../../../addons/ofxFFT/src/ofxFFTBase.cpp">
			<Option virtualFolder="addons/ofxFFT/src" />
		</Unit>
		<Unit filename="../../../addons/ofxFFT/src/ofxFFTBase.h">
			<Option virtualFolder="addons/ofxFFT/src" />
		</Unit>
		<Unit filename="../../../addons/ofxFFT/src/ofxFFTFile.cpp">
			<Option virtualFolder="addons/ofxFFT/src" />
		</Unit>
		<Unit filename="../../../addons/ofxFFT/src/ofxFFTFile.h">
			<Option virtualFolder="addons/ofxFFT/src" />
		</Unit>
		<Unit filename="../../../addons/ofxFFT/src/ofxFFTLive.cpp">
			<Option virtualFolder="addons/ofxFFT/src" />
		</Unit>
		<Unit filename="../../../addons/ofxFFT/src/ofxFFTLive.h">
			<Option virtualFolder="addons/ofxFFT/src" />
		</Unit>
		<Unit filename="../../../addons/ofxGui/src/ofxBaseGui.cpp">
			<Option virtualFolder="addons/ofxGui/src" />
		</Unit>
		<Unit filename="../../../addons/ofxGui/src/ofxBaseGui.h">
			<Option virtualFolder="addons/ofxGui/src" />
		</Unit>
		<Unit filename="../../../addons/ofxGui/src/ofxButton.cpp">
			<Option virtualFolder="addons/ofxGui/src" />
		</Unit>
		<Unit filename="../../../addons/ofxGui/src/ofxButton.h">
			<Option virtualFolder="addons/ofxGui/src" />
		</Unit>
		<Unit filename="../../../addons/ofxGui/src/ofxGui.h">
			<Option virtualFolder="addons/ofxGui/src" />
		</Unit>
		<Unit filename="../../../addons/ofxGui/src/ofxGuiGroup.cpp">
			<Option virtualFolder="addons/ofxGui/src" />
		</Unit>
		<Unit filename="../../../addons/ofxGui/src/ofxGuiGroup.h">
			<Option virtualFolder="addons/ofxGui/src" />
		</Unit>
		<Unit filename="../../../addons/ofxGui/src/ofxLabel.cpp">
			<Option virtualFolder="addons/ofxGui/src" />
		</Unit>
		<Unit filename="../../../addons/ofxGui/src/ofxLabel.h">
			<Option virtualFolder="addons/ofxGui/src" />
		</Unit>
		<Unit filename="../../../addons/ofxGui/src/ofxPanel.cpp">
			<Option virtualFolder="addons/ofxGui/src" />
		</Unit>
		<Unit filename="../../../addons/ofxGui/src/ofxPanel.h">
			<Option virtualFolder="addons/ofxGui/src" />
		</Unit>
		<Unit filename="../../../addons/ofxGui/src/ofxSlider.cpp">
			<Option virtualFolder="addons/ofxGui/src" />
		</Unit>
		<Unit filename="../../../addons/ofxGui/src/ofxSlider.h">
			<Option virtualFolder="addons/ofxGui/src" />
		</Unit>
		<Unit filename="../../../addons/ofxGui/src/ofxSliderGroup.cpp">
			<Option virtualFolder="addons/ofxGui/src" />
		</Unit>
		<Unit filename="../../../addons/ofxGui/src/ofxSliderGroup.h">
			<Option virtualFolder="addons/ofxGui/src" />
		</Unit>
		<Unit filename="../../../addons/ofxGui/src/ofxToggle.cpp">
			<Option virtualFolder="addons/ofxGui/src" />
		</Unit>
		<Unit filename="../../../addons/ofxGui/src/ofxToggle.h">
			<Option virtualFolder="addons/ofxGui/src" />
		</Unit>
		<Unit filename="bin/data/shadersGL2/Billboard.frag">
			<Option virtualFolder="shaders/GL2/" />
		</Unit>
		<Unit filename="bin/data/shadersGL2/Billboard.vert">
			<Option virtualFolder="shaders/GL2/" />
		</Unit>
		<Unit filename="bin/data/shadersGL3/Billboard.frag">
			<Option virtualFolder="shaders/GL3/" />
		</Unit>
		<Unit filename="bin/data/shadersGL3/Billboard.vert">
			<Option virtualFolder="shaders/GL3/" />
		</Unit>
		<Unit filename="config.make">
			<Option virtualFolder="build config" />
		</Unit>
		<Unit filename="src/Particle.cpp">
			<Option virtualFolder="src/" />
		</Unit>
		<Unit filename="src/Particle.h">
			<Option virtualFolder="src/" />
		</Unit>
		<Unit filename="src/ParticleSystem.cpp">
			<Option virtualFolder="src/" />
		</Unit>
		<Unit filename="src/ParticleSystem.h">
			<Option virtualFolder="src/" />
		</Unit>
		<Unit filename="src/main.cpp">
			<Option virtualFolder="src/" />
		</Unit>
		<Unit filename="src/ofApp.cpp">
			<Option virtualFolder="src/" />
		</Unit>
		<Unit filename="src/ofApp.h">
			<Option virtualFolder="src/" />
		</Unit>
		<Extensions>
			<code_completion />
			<envvars />
			<debugger />
		</Extensions>
	</Project>
</CodeBlocks_project_file>
